
Microsoft Visual Studio Solution File, Format Version 12.00
# Visual Studio Version 16
VisualStudioVersion = 16.0.31605.320
MinimumVisualStudioVersion = 10.0.40219.1
Project("{FAE04EC0-301F-11D3-BF4B-00C04F79EFBC}") = "PilMoneyBack", "PilMoneyBack\PilMoneyBack.csproj", "{D6068007-5E07-4D4E-96ED-8AD6A4C11709}"
EndProject
Global
	GlobalSection(SolutionConfigurationPlatforms) = preSolution
		Debug|Any CPU = Debug|Any CPU
		Release|Any CPU = Release|Any CPU
	EndGlobalSection
	GlobalSection(ProjectConfigurationPlatforms) = postSolution
		{D6068007-5E07-4D4E-96ED-8AD6A4C11709}.Debug|Any CPU.ActiveCfg = Debug|Any CPU
		{D6068007-5E07-4D4E-96ED-8AD6A4C11709}.Debug|Any CPU.Build.0 = Debug|Any CPU
		{D6068007-5E07-4D4E-96ED-8AD6A4C11709}.Release|Any CPU.ActiveCfg = Release|Any CPU
		{D6068007-5E07-4D4E-96ED-8AD6A4C11709}.Release|Any CPU.Build.0 = Release|Any CPU
	EndGlobalSection
	GlobalSection(SolutionProperties) = preSolution
		HideSolutionNode = FALSE
	EndGlobalSection
	GlobalSection(ExtensibilityGlobals) = postSolution
		SolutionGuid = {D489CA01-333A-4DBB-BA0A-305AE5996C70}
	EndGlobalSection
EndGlobal
