
Microsoft Visual Studio Solution File, Format Version 12.00
# Visual Studio Version 16
VisualStudioVersion = 16.0.31321.278
MinimumVisualStudioVersion = 10.0.40219.1
Project("{FAE04EC0-301F-11D3-BF4B-00C04F79EFBC}") = "Prueba", "Prueba.csproj", "{ACE3B3FD-2F39-4E59-B89B-A65444E91120}"
EndProject
Global
	GlobalSection(SolutionConfigurationPlatforms) = preSolution
		Debug|Any CPU = Debug|Any CPU
		Release|Any CPU = Release|Any CPU
	EndGlobalSection
	GlobalSection(ProjectConfigurationPlatforms) = postSolution
		{ACE3B3FD-2F39-4E59-B89B-A65444E91120}.Debug|Any CPU.ActiveCfg = Debug|Any CPU
		{ACE3B3FD-2F39-4E59-B89B-A65444E91120}.Debug|Any CPU.Build.0 = Debug|Any CPU
		{ACE3B3FD-2F39-4E59-B89B-A65444E91120}.Release|Any CPU.ActiveCfg = Release|Any CPU
		{ACE3B3FD-2F39-4E59-B89B-A65444E91120}.Release|Any CPU.Build.0 = Release|Any CPU
	EndGlobalSection
	GlobalSection(SolutionProperties) = preSolution
		HideSolutionNode = FALSE
	EndGlobalSection
	GlobalSection(ExtensibilityGlobals) = postSolution
		SolutionGuid = {4425F6ED-6903-4FFD-987D-2AE04572A73D}
	EndGlobalSection
EndGlobal
